
Microsoft Visual Studio Solution File, Format Version 12.00
# Visual Studio Version 16
VisualStudioVersion = 16.0.29709.97
MinimumVisualStudioVersion = 10.0.40219.1
Project("{9A19103F-16F7-4668-BE54-9A1E7A4F7556}") = "QuickCms", "QuickCms\QuickCms.csproj", "{783EE760-00DA-44FF-B2FE-6A50329396D7}"
EndProject
Project("{9A19103F-16F7-4668-BE54-9A1E7A4F7556}") = "Entities", "Entity\Entities.csproj", "{5FA27A2E-9D80-40A5-BD49-584B9643F874}"
EndProject
Project("{9A19103F-16F7-4668-BE54-9A1E7A4F7556}") = "DAL", "DAL\DAL.csproj", "{ED4E79A3-BC4D-4DF0-B7F8-0904EF095FCC}"
EndProject
Project("{FAE04EC0-301F-11D3-BF4B-00C04F79EFBC}") = "ViewModels", "ViewModels\ViewModels.csproj", "{195ADDAB-524B-4F8C-94A4-6CF2CBAD07DA}"
EndProject
Global
	GlobalSection(SolutionConfigurationPlatforms) = preSolution
		Debug|Any CPU = Debug|Any CPU
		Release|Any CPU = Release|Any CPU
	EndGlobalSection
	GlobalSection(ProjectConfigurationPlatforms) = postSolution
		{783EE760-00DA-44FF-B2FE-6A50329396D7}.Debug|Any CPU.ActiveCfg = Debug|Any CPU
		{783EE760-00DA-44FF-B2FE-6A50329396D7}.Debug|Any CPU.Build.0 = Debug|Any CPU
		{783EE760-00DA-44FF-B2FE-6A50329396D7}.Release|Any CPU.ActiveCfg = Release|Any CPU
		{783EE760-00DA-44FF-B2FE-6A50329396D7}.Release|Any CPU.Build.0 = Release|Any CPU
		{5FA27A2E-9D80-40A5-BD49-584B9643F874}.Debug|Any CPU.ActiveCfg = Debug|Any CPU
		{5FA27A2E-9D80-40A5-BD49-584B9643F874}.Debug|Any CPU.Build.0 = Debug|Any CPU
		{5FA27A2E-9D80-40A5-BD49-584B9643F874}.Release|Any CPU.ActiveCfg = Release|Any CPU
		{5FA27A2E-9D80-40A5-BD49-584B9643F874}.Release|Any CPU.Build.0 = Release|Any CPU
		{ED4E79A3-BC4D-4DF0-B7F8-0904EF095FCC}.Debug|Any CPU.ActiveCfg = Debug|Any CPU
		{ED4E79A3-BC4D-4DF0-B7F8-0904EF095FCC}.Debug|Any CPU.Build.0 = Debug|Any CPU
		{ED4E79A3-BC4D-4DF0-B7F8-0904EF095FCC}.Release|Any CPU.ActiveCfg = Release|Any CPU
		{ED4E79A3-BC4D-4DF0-B7F8-0904EF095FCC}.Release|Any CPU.Build.0 = Release|Any CPU
		{195ADDAB-524B-4F8C-94A4-6CF2CBAD07DA}.Debug|Any CPU.ActiveCfg = Debug|Any CPU
		{195ADDAB-524B-4F8C-94A4-6CF2CBAD07DA}.Debug|Any CPU.Build.0 = Debug|Any CPU
		{195ADDAB-524B-4F8C-94A4-6CF2CBAD07DA}.Release|Any CPU.ActiveCfg = Release|Any CPU
		{195ADDAB-524B-4F8C-94A4-6CF2CBAD07DA}.Release|Any CPU.Build.0 = Release|Any CPU
	EndGlobalSection
	GlobalSection(SolutionProperties) = preSolution
		HideSolutionNode = FALSE
	EndGlobalSection
	GlobalSection(ExtensibilityGlobals) = postSolution
		SolutionGuid = {07265D0B-AF1D-428A-8C28-60D9CB741E6D}
	EndGlobalSection
EndGlobal
